
Microsoft Visual Studio Solution File, Format Version 12.00
# Visual Studio Version 16
VisualStudioVersion = 16.0.32602.291
MinimumVisualStudioVersion = 10.0.40219.1
Project("{FAE04EC0-301F-11D3-BF4B-00C04F79EFBC}") = "StreamReader_StreamWriter_Example", "StreamReader_StreamWriter_Example\StreamReader_StreamWriter_Example.csproj", "{8D18E80D-78AB-4120-8358-53C5D489CDA8}"
EndProject
Global
	GlobalSection(SolutionConfigurationPlatforms) = preSolution
		Debug|Any CPU = Debug|Any CPU
		Release|Any CPU = Release|Any CPU
	EndGlobalSection
	GlobalSection(ProjectConfigurationPlatforms) = postSolution
		{8D18E80D-78AB-4120-8358-53C5D489CDA8}.Debug|Any CPU.ActiveCfg = Debug|Any CPU
		{8D18E80D-78AB-4120-8358-53C5D489CDA8}.Debug|Any CPU.Build.0 = Debug|Any CPU
		{8D18E80D-78AB-4120-8358-53C5D489CDA8}.Release|Any CPU.ActiveCfg = Release|Any CPU
		{8D18E80D-78AB-4120-8358-53C5D489CDA8}.Release|Any CPU.Build.0 = Release|Any CPU
	EndGlobalSection
	GlobalSection(SolutionProperties) = preSolution
		HideSolutionNode = FALSE
	EndGlobalSection
	GlobalSection(ExtensibilityGlobals) = postSolution
		SolutionGuid = {A6CF307F-ACC4-4886-A109-FED908F41C43}
	EndGlobalSection
EndGlobal
